// !$*UTF8*$!
{
	archiveVersion = 1;
	classes = {
	};
	objectVersion = 46;
	objects = {

/* Begin PBXBuildFile section */
		355CDC787BA09412B3B88E03 /* libPods-R360SmartEyes.a in Frameworks */ = {isa = PBXBuildFile; fileRef = EED61D81E27F48F7BF244345 /* libPods-R360SmartEyes.a */; };
		B302A6B11E63CD5D003A89C4 /* tessdata in Resources */ = {isa = PBXBuildFile; fileRef = B302A6B01E63CD5D003A89C4 /* tessdata */; };
		B3804E4B1E601A02002AA7CF /* main.m in Sources */ = {isa = PBXBuildFile; fileRef = B3804E4A1E601A02002AA7CF /* main.m */; };
		B3804E4E1E601A02002AA7CF /* AppDelegate.m in Sources */ = {isa = PBXBuildFile; fileRef = B3804E4D1E601A02002AA7CF /* AppDelegate.m */; };
		B3804E511E601A02002AA7CF /* ViewController.m in Sources */ = {isa = PBXBuildFile; fileRef = B3804E501E601A02002AA7CF /* ViewController.m */; };
		B3804E541E601A02002AA7CF /* Main.storyboard in Resources */ = {isa = PBXBuildFile; fileRef = B3804E521E601A02002AA7CF /* Main.storyboard */; };
		B3804E561E601A02002AA7CF /* Assets.xcassets in Resources */ = {isa = PBXBuildFile; fileRef = B3804E551E601A02002AA7CF /* Assets.xcassets */; };
		B3804E591E601A02002AA7CF /* LaunchScreen.storyboard in Resources */ = {isa = PBXBuildFile; fileRef = B3804E571E601A02002AA7CF /* LaunchScreen.storyboard */; };
		B3804E631E60251C002AA7CF /* UIImage+R360SmartEyes.m in Sources */ = {isa = PBXBuildFile; fileRef = B3804E621E60251C002AA7CF /* UIImage+R360SmartEyes.m */; };
		B3804E661E6127F3002AA7CF /* RSEIDViewController.m in Sources */ = {isa = PBXBuildFile; fileRef = B3804E651E6127F3002AA7CF /* RSEIDViewController.m */; };
		B3804E691E612809002AA7CF /* RSECreditCardViewController.m in Sources */ = {isa = PBXBuildFile; fileRef = B3804E681E612809002AA7CF /* RSECreditCardViewController.m */; };
		B3804E6C1E61349A002AA7CF /* CustomCameraHelper.m in Sources */ = {isa = PBXBuildFile; fileRef = B3804E6B1E61349A002AA7CF /* CustomCameraHelper.m */; };
		B3804E6F1E6134BE002AA7CF /* RTJYIdentificationCustomCameraController.m in Sources */ = {isa = PBXBuildFile; fileRef = B3804E6E1E6134BE002AA7CF /* RTJYIdentificationCustomCameraController.m */; };
		B3804E721E615417002AA7CF /* RDPImage.m in Sources */ = {isa = PBXBuildFile; fileRef = B3804E711E615417002AA7CF /* RDPImage.m */; };
		B3804E761E615BC5002AA7CF /* identification_definite@2x.png in Resources */ = {isa = PBXBuildFile; fileRef = B3804E741E615BC5002AA7CF /* identification_definite@2x.png */; };
		B3804E771E615BC5002AA7CF /* identification_definite@3x.png in Resources */ = {isa = PBXBuildFile; fileRef = B3804E751E615BC5002AA7CF /* identification_definite@3x.png */; };
		B3804E7C1E615BE8002AA7CF /* identification_custom_camera_bg1136x640@2x.png in Resources */ = {isa = PBXBuildFile; fileRef = B3804E781E615BE8002AA7CF /* identification_custom_camera_bg1136x640@2x.png */; };
		B3804E7D1E615BE8002AA7CF /* identification_custom_camera_bg1334x750@2x.png in Resources */ = {isa = PBXBuildFile; fileRef = B3804E791E615BE8002AA7CF /* identification_custom_camera_bg1334x750@2x.png */; };
		B3804E7E1E615BE8002AA7CF /* identification_custom_camera_bg2208x1242@3x.png in Resources */ = {isa = PBXBuildFile; fileRef = B3804E7A1E615BE8002AA7CF /* identification_custom_camera_bg2208x1242@3x.png */; };
		B3804E7F1E615BE8002AA7CF /* identification_custom_camera_bg960x640@2x.png in Resources */ = {isa = PBXBuildFile; fileRef = B3804E7B1E615BE8002AA7CF /* identification_custom_camera_bg960x640@2x.png */; };
		B3804E821E615C03002AA7CF /* identification_camera_unable@2x.png in Resources */ = {isa = PBXBuildFile; fileRef = B3804E801E615C03002AA7CF /* identification_camera_unable@2x.png */; };
		B3804E831E615C03002AA7CF /* identification_camera_unable@3x.png in Resources */ = {isa = PBXBuildFile; fileRef = B3804E811E615C03002AA7CF /* identification_camera_unable@3x.png */; };
		B3804E881E615C10002AA7CF /* identification_bg_front1136x640@2x.png in Resources */ = {isa = PBXBuildFile; fileRef = B3804E841E615C10002AA7CF /* identification_bg_front1136x640@2x.png */; };
		B3804E891E615C10002AA7CF /* identification_bg_front1334x750@2x.png in Resources */ = {isa = PBXBuildFile; fileRef = B3804E851E615C10002AA7CF /* identification_bg_front1334x750@2x.png */; };
		B3804E8A1E615C10002AA7CF /* identification_bg_front2208x1242@3x.png in Resources */ = {isa = PBXBuildFile; fileRef = B3804E861E615C10002AA7CF /* identification_bg_front2208x1242@3x.png */; };
		B3804E8B1E615C10002AA7CF /* identification_bg_front960x640@2x.png in Resources */ = {isa = PBXBuildFile; fileRef = B3804E871E615C10002AA7CF /* identification_bg_front960x640@2x.png */; };
		B3804E901E615C3A002AA7CF /* identification_bg_back1136x640@2x.png in Resources */ = {isa = PBXBuildFile; fileRef = B3804E8C1E615C3A002AA7CF /* identification_bg_back1136x640@2x.png */; };
		B3804E911E615C3A002AA7CF /* identification_bg_back1334x750@2x.png in Resources */ = {isa = PBXBuildFile; fileRef = B3804E8D1E615C3A002AA7CF /* identification_bg_back1334x750@2x.png */; };
		B3804E921E615C3A002AA7CF /* identification_bg_back2208x1242@3x.png in Resources */ = {isa = PBXBuildFile; fileRef = B3804E8E1E615C3A002AA7CF /* identification_bg_back2208x1242@3x.png */; };
		B3804E931E615C3A002AA7CF /* identification_bg_back960x640@2x.png in Resources */ = {isa = PBXBuildFile; fileRef = B3804E8F1E615C3A002AA7CF /* identification_bg_back960x640@2x.png */; };
		B3804E981E615C5E002AA7CF /* identification_bar_bg1136x640@2x.png in Resources */ = {isa = PBXBuildFile; fileRef = B3804E941E615C5E002AA7CF /* identification_bar_bg1136x640@2x.png */; };
		B3804E991E615C5E002AA7CF /* identification_bar_bg1334x750@2x.png in Resources */ = {isa = PBXBuildFile; fileRef = B3804E951E615C5E002AA7CF /* identification_bar_bg1334x750@2x.png */; };
		B3804E9A1E615C5E002AA7CF /* identification_bar_bg2208x1242@3x.png in Resources */ = {isa = PBXBuildFile; fileRef = B3804E961E615C5E002AA7CF /* identification_bar_bg2208x1242@3x.png */; };
		B3804E9B1E615C5E002AA7CF /* identification_bar_bg960x640@2x.png in Resources */ = {isa = PBXBuildFile; fileRef = B3804E971E615C5E002AA7CF /* identification_bar_bg960x640@2x.png */; };
		B3804E9E1E615C6E002AA7CF /* identification_close@2x.png in Resources */ = {isa = PBXBuildFile; fileRef = B3804E9C1E615C6E002AA7CF /* identification_close@2x.png */; };
		B3804E9F1E615C6E002AA7CF /* identification_close@3x.png in Resources */ = {isa = PBXBuildFile; fileRef = B3804E9D1E615C6E002AA7CF /* identification_close@3x.png */; };
		D2CDE8F41E64168E000A0B24 /* RSECheckViewController.m in Sources */ = {isa = PBXBuildFile; fileRef = D2CDE8F31E64168E000A0B24 /* RSECheckViewController.m */; };
		D2CDE9041E64169B000A0B24 /* CalculatorTools.m in Sources */ = {isa = PBXBuildFile; fileRef = D2CDE8F71E64169B000A0B24 /* CalculatorTools.m */; };
		D2CDE9051E64169B000A0B24 /* CanvasView.m in Sources */ = {isa = PBXBuildFile; fileRef = D2CDE8F91E64169B000A0B24 /* CanvasView.m */; };
		D2CDE9061E64169B000A0B24 /* CaptureManager.m in Sources */ = {isa = PBXBuildFile; fileRef = D2CDE8FB1E64169B000A0B24 /* CaptureManager.m */; };
		D2CDE9071E64169B000A0B24 /* FaceData.m in Sources */ = {isa = PBXBuildFile; fileRef = D2CDE8FD1E64169B000A0B24 /* FaceData.m */; };
		D2CDE9081E64169B000A0B24 /* IFlyFaceImage.m in Sources */ = {isa = PBXBuildFile; fileRef = D2CDE8FF1E64169B000A0B24 /* IFlyFaceImage.m */; };
		D2CDE9091E64169B000A0B24 /* PermissionDetector.m in Sources */ = {isa = PBXBuildFile; fileRef = D2CDE9011E64169B000A0B24 /* PermissionDetector.m */; };
		D2CDE90A1E64169B000A0B24 /* UIImage+Extensions.m in Sources */ = {isa = PBXBuildFile; fileRef = D2CDE9031E64169B000A0B24 /* UIImage+Extensions.m */; };
		D2CDE90C1E6416B8000A0B24 /* iflyMSC.framework in Frameworks */ = {isa = PBXBuildFile; fileRef = D2CDE90B1E6416B8000A0B24 /* iflyMSC.framework */; };
		D2CDE90F1E6418C1000A0B24 /* IFlyFaceResultKeys.m in Sources */ = {isa = PBXBuildFile; fileRef = D2CDE90E1E6418C1000A0B24 /* IFlyFaceResultKeys.m */; };
		D2CDE9111E64190A000A0B24 /* libz.tbd in Frameworks */ = {isa = PBXBuildFile; fileRef = D2CDE9101E64190A000A0B24 /* libz.tbd */; };
		D2CDE9131E641924000A0B24 /* AddressBook.framework in Frameworks */ = {isa = PBXBuildFile; fileRef = D2CDE9121E641924000A0B24 /* AddressBook.framework */; };
		D2CDE9151E641931000A0B24 /* SystemConfiguration.framework in Frameworks */ = {isa = PBXBuildFile; fileRef = D2CDE9141E641931000A0B24 /* SystemConfiguration.framework */; };
		D2CDE9171E64194E000A0B24 /* CoreLocation.framework in Frameworks */ = {isa = PBXBuildFile; fileRef = D2CDE9161E64194E000A0B24 /* CoreLocation.framework */; };
		D2CDE9191E641955000A0B24 /* CoreTelephony.framework in Frameworks */ = {isa = PBXBuildFile; fileRef = D2CDE9181E641955000A0B24 /* CoreTelephony.framework */; };
		D2CDE91B1E64195F000A0B24 /* AVFoundation.framework in Frameworks */ = {isa = PBXBuildFile; fileRef = D2CDE91A1E64195F000A0B24 /* AVFoundation.framework */; };
		D2CDE91D1E64196F000A0B24 /* AudioToolbox.framework in Frameworks */ = {isa = PBXBuildFile; fileRef = D2CDE91C1E64196F000A0B24 /* AudioToolbox.framework */; };
		D2CDE91F1E641981000A0B24 /* QuartzCore.framework in Frameworks */ = {isa = PBXBuildFile; fileRef = D2CDE91E1E641981000A0B24 /* QuartzCore.framework */; };
		D2CDE9211E641994000A0B24 /* CoreGraphics.framework in Frameworks */ = {isa = PBXBuildFile; fileRef = D2CDE9201E641994000A0B24 /* CoreGraphics.framework */; };
/* End PBXBuildFile section */

/* Begin PBXFileReference section */
		5D147E5F371E8C079EEC49D0 /* Pods-R360SmartEyes.release.xcconfig */ = {isa = PBXFileReference; includeInIndex = 1; lastKnownFileType = text.xcconfig; name = "Pods-R360SmartEyes.release.xcconfig"; path = "Pods/Target Support Files/Pods-R360SmartEyes/Pods-R360SmartEyes.release.xcconfig"; sourceTree = "<group>"; };
		7253A8535D664774651FD327 /* Pods-R360SmartEyes.debug.xcconfig */ = {isa = PBXFileReference; includeInIndex = 1; lastKnownFileType = text.xcconfig; name = "Pods-R360SmartEyes.debug.xcconfig"; path = "Pods/Target Support Files/Pods-R360SmartEyes/Pods-R360SmartEyes.debug.xcconfig"; sourceTree = "<group>"; };
		B302A6B01E63CD5D003A89C4 /* tessdata */ = {isa = PBXFileReference; lastKnownFileType = folder; path = tessdata; sourceTree = "<group>"; };
		B3804E461E601A02002AA7CF /* R360SmartEyes.app */ = {isa = PBXFileReference; explicitFileType = wrapper.application; includeInIndex = 0; path = R360SmartEyes.app; sourceTree = BUILT_PRODUCTS_DIR; };
		B3804E4A1E601A02002AA7CF /* main.m */ = {isa = PBXFileReference; lastKnownFileType = sourcecode.c.objc; path = main.m; sourceTree = "<group>"; };
		B3804E4C1E601A02002AA7CF /* AppDelegate.h */ = {isa = PBXFileReference; lastKnownFileType = sourcecode.c.h; path = AppDelegate.h; sourceTree = "<group>"; };
		B3804E4D1E601A02002AA7CF /* AppDelegate.m */ = {isa = PBXFileReference; lastKnownFileType = sourcecode.c.objc; path = AppDelegate.m; sourceTree = "<group>"; };
		B3804E4F1E601A02002AA7CF /* ViewController.h */ = {isa = PBXFileReference; lastKnownFileType = sourcecode.c.h; path = ViewController.h; sourceTree = "<group>"; };
		B3804E501E601A02002AA7CF /* ViewController.m */ = {isa = PBXFileReference; lastKnownFileType = sourcecode.c.objc; path = ViewController.m; sourceTree = "<group>"; };
		B3804E531E601A02002AA7CF /* Base */ = {isa = PBXFileReference; lastKnownFileType = file.storyboard; name = Base; path = Base.lproj/Main.storyboard; sourceTree = "<group>"; };
		B3804E551E601A02002AA7CF /* Assets.xcassets */ = {isa = PBXFileReference; lastKnownFileType = folder.assetcatalog; path = Assets.xcassets; sourceTree = "<group>"; };
		B3804E581E601A02002AA7CF /* Base */ = {isa = PBXFileReference; lastKnownFileType = file.storyboard; name = Base; path = Base.lproj/LaunchScreen.storyboard; sourceTree = "<group>"; };
		B3804E5A1E601A02002AA7CF /* Info.plist */ = {isa = PBXFileReference; lastKnownFileType = text.plist.xml; path = Info.plist; sourceTree = "<group>"; };
		B3804E611E60251C002AA7CF /* UIImage+R360SmartEyes.h */ = {isa = PBXFileReference; fileEncoding = 4; lastKnownFileType = sourcecode.c.h; path = "UIImage+R360SmartEyes.h"; sourceTree = "<group>"; };
		B3804E621E60251C002AA7CF /* UIImage+R360SmartEyes.m */ = {isa = PBXFileReference; fileEncoding = 4; lastKnownFileType = sourcecode.c.objc; path = "UIImage+R360SmartEyes.m"; sourceTree = "<group>"; };
		B3804E641E6127F3002AA7CF /* RSEIDViewController.h */ = {isa = PBXFileReference; fileEncoding = 4; lastKnownFileType = sourcecode.c.h; path = RSEIDViewController.h; sourceTree = "<group>"; };
		B3804E651E6127F3002AA7CF /* RSEIDViewController.m */ = {isa = PBXFileReference; fileEncoding = 4; lastKnownFileType = sourcecode.c.objc; path = RSEIDViewController.m; sourceTree = "<group>"; };
		B3804E671E612809002AA7CF /* RSECreditCardViewController.h */ = {isa = PBXFileReference; fileEncoding = 4; lastKnownFileType = sourcecode.c.h; path = RSECreditCardViewController.h; sourceTree = "<group>"; };
		B3804E681E612809002AA7CF /* RSECreditCardViewController.m */ = {isa = PBXFileReference; fileEncoding = 4; lastKnownFileType = sourcecode.c.objc; path = RSECreditCardViewController.m; sourceTree = "<group>"; };
		B3804E6A1E61349A002AA7CF /* CustomCameraHelper.h */ = {isa = PBXFileReference; fileEncoding = 4; lastKnownFileType = sourcecode.c.h; path = CustomCameraHelper.h; sourceTree = "<group>"; };
		B3804E6B1E61349A002AA7CF /* CustomCameraHelper.m */ = {isa = PBXFileReference; fileEncoding = 4; lastKnownFileType = sourcecode.c.objc; path = CustomCameraHelper.m; sourceTree = "<group>"; };
		B3804E6D1E6134BE002AA7CF /* RTJYIdentificationCustomCameraController.h */ = {isa = PBXFileReference; fileEncoding = 4; lastKnownFileType = sourcecode.c.h; path = RTJYIdentificationCustomCameraController.h; sourceTree = "<group>"; };
		B3804E6E1E6134BE002AA7CF /* RTJYIdentificationCustomCameraController.m */ = {isa = PBXFileReference; fileEncoding = 4; lastKnownFileType = sourcecode.c.objc; path = RTJYIdentificationCustomCameraController.m; sourceTree = "<group>"; };
		B3804E701E615417002AA7CF /* RDPImage.h */ = {isa = PBXFileReference; fileEncoding = 4; lastKnownFileType = sourcecode.c.h; path = RDPImage.h; sourceTree = "<group>"; };
		B3804E711E615417002AA7CF /* RDPImage.m */ = {isa = PBXFileReference; fileEncoding = 4; lastKnownFileType = sourcecode.c.objc; path = RDPImage.m; sourceTree = "<group>"; };
		B3804E741E615BC5002AA7CF /* identification_definite@2x.png */ = {isa = PBXFileReference; lastKnownFileType = image.png; path = "identification_definite@2x.png"; sourceTree = "<group>"; };
		B3804E751E615BC5002AA7CF /* identification_definite@3x.png */ = {isa = PBXFileReference; lastKnownFileType = image.png; path = "identification_definite@3x.png"; sourceTree = "<group>"; };
		B3804E781E615BE8002AA7CF /* identification_custom_camera_bg1136x640@2x.png */ = {isa = PBXFileReference; lastKnownFileType = image.png; path = "identification_custom_camera_bg1136x640@2x.png"; sourceTree = "<group>"; };
		B3804E791E615BE8002AA7CF /* identification_custom_camera_bg1334x750@2x.png */ = {isa = PBXFileReference; lastKnownFileType = image.png; path = "identification_custom_camera_bg1334x750@2x.png"; sourceTree = "<group>"; };
		B3804E7A1E615BE8002AA7CF /* identification_custom_camera_bg2208x1242@3x.png */ = {isa = PBXFileReference; lastKnownFileType = image.png; path = "identification_custom_camera_bg2208x1242@3x.png"; sourceTree = "<group>"; };
		B3804E7B1E615BE8002AA7CF /* identification_custom_camera_bg960x640@2x.png */ = {isa = PBXFileReference; lastKnownFileType = image.png; path = "identification_custom_camera_bg960x640@2x.png"; sourceTree = "<group>"; };
		B3804E801E615C03002AA7CF /* identification_camera_unable@2x.png */ = {isa = PBXFileReference; lastKnownFileType = image.png; path = "identification_camera_unable@2x.png"; sourceTree = "<group>"; };
		B3804E811E615C03002AA7CF /* identification_camera_unable@3x.png */ = {isa = PBXFileReference; lastKnownFileType = image.png; path = "identification_camera_unable@3x.png"; sourceTree = "<group>"; };
		B3804E841E615C10002AA7CF /* identification_bg_front1136x640@2x.png */ = {isa = PBXFileReference; lastKnownFileType = image.png; path = "identification_bg_front1136x640@2x.png"; sourceTree = "<group>"; };
		B3804E851E615C10002AA7CF /* identification_bg_front1334x750@2x.png */ = {isa = PBXFileReference; lastKnownFileType = image.png; path = "identification_bg_front1334x750@2x.png"; sourceTree = "<group>"; };
		B3804E861E615C10002AA7CF /* identification_bg_front2208x1242@3x.png */ = {isa = PBXFileReference; lastKnownFileType = image.png; path = "identification_bg_front2208x1242@3x.png"; sourceTree = "<group>"; };
		B3804E871E615C10002AA7CF /* identification_bg_front960x640@2x.png */ = {isa = PBXFileReference; lastKnownFileType = image.png; path = "identification_bg_front960x640@2x.png"; sourceTree = "<group>"; };
		B3804E8C1E615C3A002AA7CF /* identification_bg_back1136x640@2x.png */ = {isa = PBXFileReference; lastKnownFileType = image.png; path = "identification_bg_back1136x640@2x.png"; sourceTree = "<group>"; };
		B3804E8D1E615C3A002AA7CF /* identification_bg_back1334x750@2x.png */ = {isa = PBXFileReference; lastKnownFileType = image.png; path = "identification_bg_back1334x750@2x.png"; sourceTree = "<group>"; };
		B3804E8E1E615C3A002AA7CF /* identification_bg_back2208x1242@3x.png */ = {isa = PBXFileReference; lastKnownFileType = image.png; path = "identification_bg_back2208x1242@3x.png"; sourceTree = "<group>"; };
		B3804E8F1E615C3A002AA7CF /* identification_bg_back960x640@2x.png */ = {isa = PBXFileReference; lastKnownFileType = image.png; path = "identification_bg_back960x640@2x.png"; sourceTree = "<group>"; };
		B3804E941E615C5E002AA7CF /* identification_bar_bg1136x640@2x.png */ = {isa = PBXFileReference; lastKnownFileType = image.png; path = "identification_bar_bg1136x640@2x.png"; sourceTree = "<group>"; };
		B3804E951E615C5E002AA7CF /* identification_bar_bg1334x750@2x.png */ = {isa = PBXFileReference; lastKnownFileType = image.png; path = "identification_bar_bg1334x750@2x.png"; sourceTree = "<group>"; };
		B3804E961E615C5E002AA7CF /* identification_bar_bg2208x1242@3x.png */ = {isa = PBXFileReference; lastKnownFileType = image.png; path = "identification_bar_bg2208x1242@3x.png"; sourceTree = "<group>"; };
		B3804E971E615C5E002AA7CF /* identification_bar_bg960x640@2x.png */ = {isa = PBXFileReference; lastKnownFileType = image.png; path = "identification_bar_bg960x640@2x.png"; sourceTree = "<group>"; };
		B3804E9C1E615C6E002AA7CF /* identification_close@2x.png */ = {isa = PBXFileReference; lastKnownFileType = image.png; path = "identification_close@2x.png"; sourceTree = "<group>"; };
		B3804E9D1E615C6E002AA7CF /* identification_close@3x.png */ = {isa = PBXFileReference; lastKnownFileType = image.png; path = "identification_close@3x.png"; sourceTree = "<group>"; };
		D2CDE8F21E64168E000A0B24 /* RSECheckViewController.h */ = {isa = PBXFileReference; fileEncoding = 4; lastKnownFileType = sourcecode.c.h; path = RSECheckViewController.h; sourceTree = "<group>"; };
		D2CDE8F31E64168E000A0B24 /* RSECheckViewController.m */ = {isa = PBXFileReference; fileEncoding = 4; lastKnownFileType = sourcecode.c.objc; path = RSECheckViewController.m; sourceTree = "<group>"; };
		D2CDE8F61E64169B000A0B24 /* CalculatorTools.h */ = {isa = PBXFileReference; fileEncoding = 4; lastKnownFileType = sourcecode.c.h; path = CalculatorTools.h; sourceTree = "<group>"; };
		D2CDE8F71E64169B000A0B24 /* CalculatorTools.m */ = {isa = PBXFileReference; fileEncoding = 4; lastKnownFileType = sourcecode.c.objc; path = CalculatorTools.m; sourceTree = "<group>"; };
		D2CDE8F81E64169B000A0B24 /* CanvasView.h */ = {isa = PBXFileReference; fileEncoding = 4; lastKnownFileType = sourcecode.c.h; path = CanvasView.h; sourceTree = "<group>"; };
		D2CDE8F91E64169B000A0B24 /* CanvasView.m */ = {isa = PBXFileReference; fileEncoding = 4; lastKnownFileType = sourcecode.c.objc; path = CanvasView.m; sourceTree = "<group>"; };
		D2CDE8FA1E64169B000A0B24 /* CaptureManager.h */ = {isa = PBXFileReference; fileEncoding = 4; lastKnownFileType = sourcecode.c.h; path = CaptureManager.h; sourceTree = "<group>"; };
		D2CDE8FB1E64169B000A0B24 /* CaptureManager.m */ = {isa = PBXFileReference; fileEncoding = 4; lastKnownFileType = sourcecode.c.objc; path = CaptureManager.m; sourceTree = "<group>"; };
		D2CDE8FC1E64169B000A0B24 /* FaceData.h */ = {isa = PBXFileReference; fileEncoding = 4; lastKnownFileType = sourcecode.c.h; path = FaceData.h; sourceTree = "<group>"; };
		D2CDE8FD1E64169B000A0B24 /* FaceData.m */ = {isa = PBXFileReference; fileEncoding = 4; lastKnownFileType = sourcecode.c.objc; path = FaceData.m; sourceTree = "<group>"; };
		D2CDE8FE1E64169B000A0B24 /* IFlyFaceImage.h */ = {isa = PBXFileReference; fileEncoding = 4; lastKnownFileType = sourcecode.c.h; path = IFlyFaceImage.h; sourceTree = "<group>"; };
		D2CDE8FF1E64169B000A0B24 /* IFlyFaceImage.m */ = {isa = PBXFileReference; fileEncoding = 4; lastKnownFileType = sourcecode.c.objc; path = IFlyFaceImage.m; sourceTree = "<group>"; };
		D2CDE9001E64169B000A0B24 /* PermissionDetector.h */ = {isa = PBXFileReference; fileEncoding = 4; lastKnownFileType = sourcecode.c.h; path = PermissionDetector.h; sourceTree = "<group>"; };
		D2CDE9011E64169B000A0B24 /* PermissionDetector.m */ = {isa = PBXFileReference; fileEncoding = 4; lastKnownFileType = sourcecode.c.objc; path = PermissionDetector.m; sourceTree = "<group>"; };
		D2CDE9021E64169B000A0B24 /* UIImage+Extensions.h */ = {isa = PBXFileReference; fileEncoding = 4; lastKnownFileType = sourcecode.c.h; path = "UIImage+Extensions.h"; sourceTree = "<group>"; };
		D2CDE9031E64169B000A0B24 /* UIImage+Extensions.m */ = {isa = PBXFileReference; fileEncoding = 4; lastKnownFileType = sourcecode.c.objc; path = "UIImage+Extensions.m"; sourceTree = "<group>"; };
		D2CDE90B1E6416B8000A0B24 /* iflyMSC.framework */ = {isa = PBXFileReference; lastKnownFileType = wrapper.framework; path = iflyMSC.framework; sourceTree = "<group>"; };
		D2CDE90D1E6418C1000A0B24 /* IFlyFaceResultKeys.h */ = {isa = PBXFileReference; fileEncoding = 4; lastKnownFileType = sourcecode.c.h; path = IFlyFaceResultKeys.h; sourceTree = "<group>"; };
		D2CDE90E1E6418C1000A0B24 /* IFlyFaceResultKeys.m */ = {isa = PBXFileReference; fileEncoding = 4; lastKnownFileType = sourcecode.c.objc; path = IFlyFaceResultKeys.m; sourceTree = "<group>"; };
		D2CDE9101E64190A000A0B24 /* libz.tbd */ = {isa = PBXFileReference; lastKnownFileType = "sourcecode.text-based-dylib-definition"; name = libz.tbd; path = usr/lib/libz.tbd; sourceTree = SDKROOT; };
		D2CDE9121E641924000A0B24 /* AddressBook.framework */ = {isa = PBXFileReference; lastKnownFileType = wrapper.framework; name = AddressBook.framework; path = System/Library/Frameworks/AddressBook.framework; sourceTree = SDKROOT; };
		D2CDE9141E641931000A0B24 /* SystemConfiguration.framework */ = {isa = PBXFileReference; lastKnownFileType = wrapper.framework; name = SystemConfiguration.framework; path = System/Library/Frameworks/SystemConfiguration.framework; sourceTree = SDKROOT; };
		D2CDE9161E64194E000A0B24 /* CoreLocation.framework */ = {isa = PBXFileReference; lastKnownFileType = wrapper.framework; name = CoreLocation.framework; path = System/Library/Frameworks/CoreLocation.framework; sourceTree = SDKROOT; };
		D2CDE9181E641955000A0B24 /* CoreTelephony.framework */ = {isa = PBXFileReference; lastKnownFileType = wrapper.framework; name = CoreTelephony.framework; path = System/Library/Frameworks/CoreTelephony.framework; sourceTree = SDKROOT; };
		D2CDE91A1E64195F000A0B24 /* AVFoundation.framework */ = {isa = PBXFileReference; lastKnownFileType = wrapper.framework; name = AVFoundation.framework; path = System/Library/Frameworks/AVFoundation.framework; sourceTree = SDKROOT; };
		D2CDE91C1E64196F000A0B24 /* AudioToolbox.framework */ = {isa = PBXFileReference; lastKnownFileType = wrapper.framework; name = AudioToolbox.framework; path = System/Library/Frameworks/AudioToolbox.framework; sourceTree = SDKROOT; };
		D2CDE91E1E641981000A0B24 /* QuartzCore.framework */ = {isa = PBXFileReference; lastKnownFileType = wrapper.framework; name = QuartzCore.framework; path = System/Library/Frameworks/QuartzCore.framework; sourceTree = SDKROOT; };
		D2CDE9201E641994000A0B24 /* CoreGraphics.framework */ = {isa = PBXFileReference; lastKnownFileType = wrapper.framework; name = CoreGraphics.framework; path = System/Library/Frameworks/CoreGraphics.framework; sourceTree = SDKROOT; };
		EED61D81E27F48F7BF244345 /* libPods-R360SmartEyes.a */ = {isa = PBXFileReference; explicitFileType = archive.ar; includeInIndex = 0; path = "libPods-R360SmartEyes.a"; sourceTree = BUILT_PRODUCTS_DIR; };
/* End PBXFileReference section */

/* Begin PBXFrameworksBuildPhase section */
		B3804E431E601A02002AA7CF /* Frameworks */ = {
			isa = PBXFrameworksBuildPhase;
			buildActionMask = 2147483647;
			files = (
				D2CDE9211E641994000A0B24 /* CoreGraphics.framework in Frameworks */,
				D2CDE91F1E641981000A0B24 /* QuartzCore.framework in Frameworks */,
				D2CDE91D1E64196F000A0B24 /* AudioToolbox.framework in Frameworks */,
				D2CDE91B1E64195F000A0B24 /* AVFoundation.framework in Frameworks */,
				D2CDE9191E641955000A0B24 /* CoreTelephony.framework in Frameworks */,
				D2CDE9171E64194E000A0B24 /* CoreLocation.framework in Frameworks */,
				D2CDE9151E641931000A0B24 /* SystemConfiguration.framework in Frameworks */,
				D2CDE9131E641924000A0B24 /* AddressBook.framework in Frameworks */,
				D2CDE9111E64190A000A0B24 /* libz.tbd in Frameworks */,
				D2CDE90C1E6416B8000A0B24 /* iflyMSC.framework in Frameworks */,
				355CDC787BA09412B3B88E03 /* libPods-R360SmartEyes.a in Frameworks */,
			);
			runOnlyForDeploymentPostprocessing = 0;
		};
/* End PBXFrameworksBuildPhase section */

/* Begin PBXGroup section */
		4A4510CECBA94A5C3BDA8B4E /* Pods */ = {
			isa = PBXGroup;
			children = (
				7253A8535D664774651FD327 /* Pods-R360SmartEyes.debug.xcconfig */,
				5D147E5F371E8C079EEC49D0 /* Pods-R360SmartEyes.release.xcconfig */,
			);
			name = Pods;
			sourceTree = "<group>";
		};
		B3804E3D1E601A02002AA7CF = {
			isa = PBXGroup;
			children = (
				D2CDE8F51E64169B000A0B24 /* Detector */,
				B3804E731E615BBA002AA7CF /* R360SEResources */,
				B3804E601E602478002AA7CF /* R360SEUtil */,
				B3804E481E601A02002AA7CF /* R360SmartEyes */,
				B3804E471E601A02002AA7CF /* Products */,
				4A4510CECBA94A5C3BDA8B4E /* Pods */,
				BF091BE80B8401F0B8A29D52 /* Frameworks */,
			);
			sourceTree = "<group>";
		};
		B3804E471E601A02002AA7CF /* Products */ = {
			isa = PBXGroup;
			children = (
				B3804E461E601A02002AA7CF /* R360SmartEyes.app */,
			);
			name = Products;
			sourceTree = "<group>";
		};
		B3804E481E601A02002AA7CF /* R360SmartEyes */ = {
			isa = PBXGroup;
			children = (
				D2CDE8F21E64168E000A0B24 /* RSECheckViewController.h */,
				D2CDE8F31E64168E000A0B24 /* RSECheckViewController.m */,
				B302A6B01E63CD5D003A89C4 /* tessdata */,
				B3804E6D1E6134BE002AA7CF /* RTJYIdentificationCustomCameraController.h */,
				B3804E6E1E6134BE002AA7CF /* RTJYIdentificationCustomCameraController.m */,
				B3804E4C1E601A02002AA7CF /* AppDelegate.h */,
				B3804E4D1E601A02002AA7CF /* AppDelegate.m */,
				B3804E4F1E601A02002AA7CF /* ViewController.h */,
				B3804E501E601A02002AA7CF /* ViewController.m */,
				B3804E641E6127F3002AA7CF /* RSEIDViewController.h */,
				B3804E651E6127F3002AA7CF /* RSEIDViewController.m */,
				B3804E671E612809002AA7CF /* RSECreditCardViewController.h */,
				B3804E681E612809002AA7CF /* RSECreditCardViewController.m */,
				B3804E521E601A02002AA7CF /* Main.storyboard */,
				B3804E551E601A02002AA7CF /* Assets.xcassets */,
				B3804E571E601A02002AA7CF /* LaunchScreen.storyboard */,
				B3804E5A1E601A02002AA7CF /* Info.plist */,
				B3804E491E601A02002AA7CF /* Supporting Files */,
			);
			path = R360SmartEyes;
			sourceTree = "<group>";
		};
		B3804E491E601A02002AA7CF /* Supporting Files */ = {
			isa = PBXGroup;
			children = (
				B3804E4A1E601A02002AA7CF /* main.m */,
			);
			name = "Supporting Files";
			sourceTree = "<group>";
		};
		B3804E601E602478002AA7CF /* R360SEUtil */ = {
			isa = PBXGroup;
			children = (
				B3804E701E615417002AA7CF /* RDPImage.h */,
				B3804E711E615417002AA7CF /* RDPImage.m */,
				B3804E6A1E61349A002AA7CF /* CustomCameraHelper.h */,
				B3804E6B1E61349A002AA7CF /* CustomCameraHelper.m */,
				B3804E611E60251C002AA7CF /* UIImage+R360SmartEyes.h */,
				B3804E621E60251C002AA7CF /* UIImage+R360SmartEyes.m */,
			);
			name = R360SEUtil;
			path = R360SmartEyes/R360SEUtil;
			sourceTree = "<group>";
		};
		B3804E731E615BBA002AA7CF /* R360SEResources */ = {
			isa = PBXGroup;
			children = (
				B3804E9C1E615C6E002AA7CF /* identification_close@2x.png */,
				B3804E9D1E615C6E002AA7CF /* identification_close@3x.png */,
				B3804E941E615C5E002AA7CF /* identification_bar_bg1136x640@2x.png */,
				B3804E951E615C5E002AA7CF /* identification_bar_bg1334x750@2x.png */,
				B3804E961E615C5E002AA7CF /* identification_bar_bg2208x1242@3x.png */,
				B3804E971E615C5E002AA7CF /* identification_bar_bg960x640@2x.png */,
				B3804E8C1E615C3A002AA7CF /* identification_bg_back1136x640@2x.png */,
				B3804E8D1E615C3A002AA7CF /* identification_bg_back1334x750@2x.png */,
				B3804E8E1E615C3A002AA7CF /* identification_bg_back2208x1242@3x.png */,
				B3804E8F1E615C3A002AA7CF /* identification_bg_back960x640@2x.png */,
				B3804E841E615C10002AA7CF /* identification_bg_front1136x640@2x.png */,
				B3804E851E615C10002AA7CF /* identification_bg_front1334x750@2x.png */,
				B3804E861E615C10002AA7CF /* identification_bg_front2208x1242@3x.png */,
				B3804E871E615C10002AA7CF /* identification_bg_front960x640@2x.png */,
				B3804E801E615C03002AA7CF /* identification_camera_unable@2x.png */,
				B3804E811E615C03002AA7CF /* identification_camera_unable@3x.png */,
				B3804E781E615BE8002AA7CF /* identification_custom_camera_bg1136x640@2x.png */,
				B3804E791E615BE8002AA7CF /* identification_custom_camera_bg1334x750@2x.png */,
				B3804E7A1E615BE8002AA7CF /* identification_custom_camera_bg2208x1242@3x.png */,
				B3804E7B1E615BE8002AA7CF /* identification_custom_camera_bg960x640@2x.png */,
				B3804E741E615BC5002AA7CF /* identification_definite@2x.png */,
				B3804E751E615BC5002AA7CF /* identification_definite@3x.png */,
			);
			path = R360SEResources;
			sourceTree = "<group>";
		};
		BF091BE80B8401F0B8A29D52 /* Frameworks */ = {
			isa = PBXGroup;
			children = (
				D2CDE9201E641994000A0B24 /* CoreGraphics.framework */,
				D2CDE91E1E641981000A0B24 /* QuartzCore.framework */,
				D2CDE91C1E64196F000A0B24 /* AudioToolbox.framework */,
				D2CDE91A1E64195F000A0B24 /* AVFoundation.framework */,
				D2CDE9181E641955000A0B24 /* CoreTelephony.framework */,
				D2CDE9161E64194E000A0B24 /* CoreLocation.framework */,
				D2CDE9141E641931000A0B24 /* SystemConfiguration.framework */,
				D2CDE9121E641924000A0B24 /* AddressBook.framework */,
				D2CDE9101E64190A000A0B24 /* libz.tbd */,
				EED61D81E27F48F7BF244345 /* libPods-R360SmartEyes.a */,
			);
			name = Frameworks;
			sourceTree = "<group>";
		};
		D2CDE8F51E64169B000A0B24 /* Detector */ = {
			isa = PBXGroup;
			children = (
				D2CDE90D1E6418C1000A0B24 /* IFlyFaceResultKeys.h */,
				D2CDE90E1E6418C1000A0B24 /* IFlyFaceResultKeys.m */,
				D2CDE90B1E6416B8000A0B24 /* iflyMSC.framework */,
				D2CDE8F61E64169B000A0B24 /* CalculatorTools.h */,
				D2CDE8F71E64169B000A0B24 /* CalculatorTools.m */,
				D2CDE8F81E64169B000A0B24 /* CanvasView.h */,
				D2CDE8F91E64169B000A0B24 /* CanvasView.m */,
				D2CDE8FA1E64169B000A0B24 /* CaptureManager.h */,
				D2CDE8FB1E64169B000A0B24 /* CaptureManager.m */,
				D2CDE8FC1E64169B000A0B24 /* FaceData.h */,
				D2CDE8FD1E64169B000A0B24 /* FaceData.m */,
				D2CDE8FE1E64169B000A0B24 /* IFlyFaceImage.h */,
				D2CDE8FF1E64169B000A0B24 /* IFlyFaceImage.m */,
				D2CDE9001E64169B000A0B24 /* PermissionDetector.h */,
				D2CDE9011E64169B000A0B24 /* PermissionDetector.m */,
				D2CDE9021E64169B000A0B24 /* UIImage+Extensions.h */,
				D2CDE9031E64169B000A0B24 /* UIImage+Extensions.m */,
			);
			name = Detector;
			path = R360SmartEyes/Detector;
			sourceTree = "<group>";
		};
/* End PBXGroup section */

/* Begin PBXNativeTarget section */
		B3804E451E601A02002AA7CF /* R360SmartEyes */ = {
			isa = PBXNativeTarget;
			buildConfigurationList = B3804E5D1E601A02002AA7CF /* Build configuration list for PBXNativeTarget "R360SmartEyes" */;
			buildPhases = (
				9FC2923E01BBD7A0D2241026 /* [CP] Check Pods Manifest.lock */,
				B3804E421E601A02002AA7CF /* Sources */,
				B3804E431E601A02002AA7CF /* Frameworks */,
				B3804E441E601A02002AA7CF /* Resources */,
				A784D6507848A94E6C301743 /* [CP] Embed Pods Frameworks */,
				C11187B1F746A86E142A8782 /* [CP] Copy Pods Resources */,
			);
			buildRules = (
			);
			dependencies = (
			);
			name = R360SmartEyes;
			productName = R360SmartEyes;
			productReference = B3804E461E601A02002AA7CF /* R360SmartEyes.app */;
			productType = "com.apple.product-type.application";
		};
/* End PBXNativeTarget section */

/* Begin PBXProject section */
		B3804E3E1E601A02002AA7CF /* Project object */ = {
			isa = PBXProject;
			attributes = {
				LastUpgradeCheck = 0820;
				ORGANIZATIONNAME = R360;
				TargetAttributes = {
					B3804E451E601A02002AA7CF = {
						CreatedOnToolsVersion = 8.2.1;
						DevelopmentTeam = G8KFD5U329;
						ProvisioningStyle = Automatic;
					};
				};
			};
			buildConfigurationList = B3804E411E601A02002AA7CF /* Build configuration list for PBXProject "R360SmartEyes" */;
			compatibilityVersion = "Xcode 3.2";
			developmentRegion = English;
			hasScannedForEncodings = 0;
			knownRegions = (
				en,
				Base,
			);
			mainGroup = B3804E3D1E601A02002AA7CF;
			productRefGroup = B3804E471E601A02002AA7CF /* Products */;
			projectDirPath = "";
			projectRoot = "";
			targets = (
				B3804E451E601A02002AA7CF /* R360SmartEyes */,
			);
		};
/* End PBXProject section */

/* Begin PBXResourcesBuildPhase section */
		B3804E441E601A02002AA7CF /* Resources */ = {
			isa = PBXResourcesBuildPhase;
			buildActionMask = 2147483647;
			files = (
				B3804E8A1E615C10002AA7CF /* identification_bg_front2208x1242@3x.png in Resources */,
				B3804E901E615C3A002AA7CF /* identification_bg_back1136x640@2x.png in Resources */,
				B3804E761E615BC5002AA7CF /* identification_definite@2x.png in Resources */,
				B3804E911E615C3A002AA7CF /* identification_bg_back1334x750@2x.png in Resources */,
				B3804E591E601A02002AA7CF /* LaunchScreen.storyboard in Resources */,
				B3804E881E615C10002AA7CF /* identification_bg_front1136x640@2x.png in Resources */,
				B3804E7D1E615BE8002AA7CF /* identification_custom_camera_bg1334x750@2x.png in Resources */,
				B3804E7C1E615BE8002AA7CF /* identification_custom_camera_bg1136x640@2x.png in Resources */,
				B3804E561E601A02002AA7CF /* Assets.xcassets in Resources */,
				B3804E9F1E615C6E002AA7CF /* identification_close@3x.png in Resources */,
				B3804E931E615C3A002AA7CF /* identification_bg_back960x640@2x.png in Resources */,
				B3804E9A1E615C5E002AA7CF /* identification_bar_bg2208x1242@3x.png in Resources */,
				B3804E771E615BC5002AA7CF /* identification_definite@3x.png in Resources */,
				B3804E9B1E615C5E002AA7CF /* identification_bar_bg960x640@2x.png in Resources */,
				B3804E891E615C10002AA7CF /* identification_bg_front1334x750@2x.png in Resources */,
				B302A6B11E63CD5D003A89C4 /* tessdata in Resources */,
				B3804E981E615C5E002AA7CF /* identification_bar_bg1136x640@2x.png in Resources */,
				B3804E9E1E615C6E002AA7CF /* identification_close@2x.png in Resources */,
				B3804E821E615C03002AA7CF /* identification_camera_unable@2x.png in Resources */,
				B3804E8B1E615C10002AA7CF /* identification_bg_front960x640@2x.png in Resources */,
				B3804E921E615C3A002AA7CF /* identification_bg_back2208x1242@3x.png in Resources */,
				B3804E7E1E615BE8002AA7CF /* identification_custom_camera_bg2208x1242@3x.png in Resources */,
				B3804E831E615C03002AA7CF /* identification_camera_unable@3x.png in Resources */,
				B3804E7F1E615BE8002AA7CF /* identification_custom_camera_bg960x640@2x.png in Resources */,
				B3804E541E601A02002AA7CF /* Main.storyboard in Resources */,
				B3804E991E615C5E002AA7CF /* identification_bar_bg1334x750@2x.png in Resources */,
			);
			runOnlyForDeploymentPostprocessing = 0;
		};
/* End PBXResourcesBuildPhase section */

/* Begin PBXShellScriptBuildPhase section */
		9FC2923E01BBD7A0D2241026 /* [CP] Check Pods Manifest.lock */ = {
			isa = PBXShellScriptBuildPhase;
			buildActionMask = 2147483647;
			files = (
			);
			inputPaths = (
			);
			name = "[CP] Check Pods Manifest.lock";
			outputPaths = (
			);
			runOnlyForDeploymentPostprocessing = 0;
			shellPath = /bin/sh;
			shellScript = "diff \"${PODS_ROOT}/../Podfile.lock\" \"${PODS_ROOT}/Manifest.lock\" > /dev/null\nif [ $? != 0 ] ; then\n    # print error to STDERR\n    echo \"error: The sandbox is not in sync with the Podfile.lock. Run 'pod install' or update your CocoaPods installation.\" >&2\n    exit 1\nfi\n";
			showEnvVarsInLog = 0;
		};
		A784D6507848A94E6C301743 /* [CP] Embed Pods Frameworks */ = {
			isa = PBXShellScriptBuildPhase;
			buildActionMask = 2147483647;
			files = (
			);
			inputPaths = (
			);
			name = "[CP] Embed Pods Frameworks";
			outputPaths = (
			);
			runOnlyForDeploymentPostprocessing = 0;
			shellPath = /bin/sh;
			shellScript = "\"${SRCROOT}/Pods/Target Support Files/Pods-R360SmartEyes/Pods-R360SmartEyes-frameworks.sh\"\n";
			showEnvVarsInLog = 0;
		};
		C11187B1F746A86E142A8782 /* [CP] Copy Pods Resources */ = {
			isa = PBXShellScriptBuildPhase;
			buildActionMask = 2147483647;
			files = (
			);
			inputPaths = (
			);
			name = "[CP] Copy Pods Resources";
			outputPaths = (
			);
			runOnlyForDeploymentPostprocessing = 0;
			shellPath = /bin/sh;
			shellScript = "\"${SRCROOT}/Pods/Target Support Files/Pods-R360SmartEyes/Pods-R360SmartEyes-resources.sh\"\n";
			showEnvVarsInLog = 0;
		};
/* End PBXShellScriptBuildPhase section */

/* Begin PBXSourcesBuildPhase section */
		B3804E421E601A02002AA7CF /* Sources */ = {
			isa = PBXSourcesBuildPhase;
			buildActionMask = 2147483647;
			files = (
				B3804E6F1E6134BE002AA7CF /* RTJYIdentificationCustomCameraController.m in Sources */,
				D2CDE90F1E6418C1000A0B24 /* IFlyFaceResultKeys.m in Sources */,
				B3804E721E615417002AA7CF /* RDPImage.m in Sources */,
				D2CDE9091E64169B000A0B24 /* PermissionDetector.m in Sources */,
				D2CDE9051E64169B000A0B24 /* CanvasView.m in Sources */,
				D2CDE9061E64169B000A0B24 /* CaptureManager.m in Sources */,
				D2CDE9081E64169B000A0B24 /* IFlyFaceImage.m in Sources */,
				B3804E511E601A02002AA7CF /* ViewController.m in Sources */,
				B3804E4E1E601A02002AA7CF /* AppDelegate.m in Sources */,
				D2CDE90A1E64169B000A0B24 /* UIImage+Extensions.m in Sources */,
				B3804E691E612809002AA7CF /* RSECreditCardViewController.m in Sources */,
				B3804E631E60251C002AA7CF /* UIImage+R360SmartEyes.m in Sources */,
				D2CDE8F41E64168E000A0B24 /* RSECheckViewController.m in Sources */,
				B3804E661E6127F3002AA7CF /* RSEIDViewController.m in Sources */,
				D2CDE9071E64169B000A0B24 /* FaceData.m in Sources */,
				B3804E4B1E601A02002AA7CF /* main.m in Sources */,
				D2CDE9041E64169B000A0B24 /* CalculatorTools.m in Sources */,
				B3804E6C1E61349A002AA7CF /* CustomCameraHelper.m in Sources */,
			);
			runOnlyForDeploymentPostprocessing = 0;
		};
/* End PBXSourcesBuildPhase section */

/* Begin PBXVariantGroup section */
		B3804E521E601A02002AA7CF /* Main.storyboard */ = {
			isa = PBXVariantGroup;
			children = (
				B3804E531E601A02002AA7CF /* Base */,
			);
			name = Main.storyboard;
			sourceTree = "<group>";
		};
		B3804E571E601A02002AA7CF /* LaunchScreen.storyboard */ = {
			isa = PBXVariantGroup;
			children = (
				B3804E581E601A02002AA7CF /* Base */,
			);
			name = LaunchScreen.storyboard;
			sourceTree = "<group>";
		};
/* End PBXVariantGroup section */

/* Begin XCBuildConfiguration section */
		B3804E5B1E601A02002AA7CF /* Debug */ = {
			isa = XCBuildConfiguration;
			buildSettings = {
				ALWAYS_SEARCH_USER_PATHS = NO;
				CLANG_ANALYZER_NONNULL = YES;
				CLANG_CXX_LANGUAGE_STANDARD = "gnu++0x";
				CLANG_CXX_LIBRARY = "libc++";
				CLANG_ENABLE_MODULES = YES;
				CLANG_ENABLE_OBJC_ARC = YES;
				CLANG_WARN_BOOL_CONVERSION = YES;
				CLANG_WARN_CONSTANT_CONVERSION = YES;
				CLANG_WARN_DIRECT_OBJC_ISA_USAGE = YES_ERROR;
				CLANG_WARN_DOCUMENTATION_COMMENTS = YES;
				CLANG_WARN_EMPTY_BODY = YES;
				CLANG_WARN_ENUM_CONVERSION = YES;
				CLANG_WARN_INFINITE_RECURSION = YES;
				CLANG_WARN_INT_CONVERSION = YES;
				CLANG_WARN_OBJC_ROOT_CLASS = YES_ERROR;
				CLANG_WARN_SUSPICIOUS_MOVE = YES;
				CLANG_WARN_UNREACHABLE_CODE = YES;
				CLANG_WARN__DUPLICATE_METHOD_MATCH = YES;
				"CODE_SIGN_IDENTITY[sdk=iphoneos*]" = "iPhone Developer";
				COPY_PHASE_STRIP = NO;
				DEBUG_INFORMATION_FORMAT = dwarf;
				ENABLE_STRICT_OBJC_MSGSEND = YES;
				ENABLE_TESTABILITY = YES;
				GCC_C_LANGUAGE_STANDARD = gnu99;
				GCC_DYNAMIC_NO_PIC = NO;
				GCC_NO_COMMON_BLOCKS = YES;
				GCC_OPTIMIZATION_LEVEL = 0;
				GCC_PREPROCESSOR_DEFINITIONS = (
					"DEBUG=1",
					"$(inherited)",
				);
				GCC_WARN_64_TO_32_BIT_CONVERSION = YES;
				GCC_WARN_ABOUT_RETURN_TYPE = YES_ERROR;
				GCC_WARN_UNDECLARED_SELECTOR = YES;
				GCC_WARN_UNINITIALIZED_AUTOS = YES_AGGRESSIVE;
				GCC_WARN_UNUSED_FUNCTION = YES;
				GCC_WARN_UNUSED_VARIABLE = YES;
				IPHONEOS_DEPLOYMENT_TARGET = 10.2;
				MTL_ENABLE_DEBUG_INFO = YES;
				ONLY_ACTIVE_ARCH = YES;
				SDKROOT = iphoneos;
			};
			name = Debug;
		};
		B3804E5C1E601A02002AA7CF /* Release */ = {
			isa = XCBuildConfiguration;
			buildSettings = {
				ALWAYS_SEARCH_USER_PATHS = NO;
				CLANG_ANALYZER_NONNULL = YES;
				CLANG_CXX_LANGUAGE_STANDARD = "gnu++0x";
				CLANG_CXX_LIBRARY = "libc++";
				CLANG_ENABLE_MODULES = YES;
				CLANG_ENABLE_OBJC_ARC = YES;
				CLANG_WARN_BOOL_CONVERSION = YES;
				CLANG_WARN_CONSTANT_CONVERSION = YES;
				CLANG_WARN_DIRECT_OBJC_ISA_USAGE = YES_ERROR;
				CLANG_WARN_DOCUMENTATION_COMMENTS = YES;
				CLANG_WARN_EMPTY_BODY = YES;
				CLANG_WARN_ENUM_CONVERSION = YES;
				CLANG_WARN_INFINITE_RECURSION = YES;
				CLANG_WARN_INT_CONVERSION = YES;
				CLANG_WARN_OBJC_ROOT_CLASS = YES_ERROR;
				CLANG_WARN_SUSPICIOUS_MOVE = YES;
				CLANG_WARN_UNREACHABLE_CODE = YES;
				CLANG_WARN__DUPLICATE_METHOD_MATCH = YES;
				"CODE_SIGN_IDENTITY[sdk=iphoneos*]" = "iPhone Developer";
				COPY_PHASE_STRIP = NO;
				DEBUG_INFORMATION_FORMAT = "dwarf-with-dsym";
				ENABLE_NS_ASSERTIONS = NO;
				ENABLE_STRICT_OBJC_MSGSEND = YES;
				GCC_C_LANGUAGE_STANDARD = gnu99;
				GCC_NO_COMMON_BLOCKS = YES;
				GCC_WARN_64_TO_32_BIT_CONVERSION = YES;
				GCC_WARN_ABOUT_RETURN_TYPE = YES_ERROR;
				GCC_WARN_UNDECLARED_SELECTOR = YES;
				GCC_WARN_UNINITIALIZED_AUTOS = YES_AGGRESSIVE;
				GCC_WARN_UNUSED_FUNCTION = YES;
				GCC_WARN_UNUSED_VARIABLE = YES;
				IPHONEOS_DEPLOYMENT_TARGET = 10.2;
				MTL_ENABLE_DEBUG_INFO = NO;
				SDKROOT = iphoneos;
				VALIDATE_PRODUCT = YES;
			};
			name = Release;
		};
		B3804E5E1E601A02002AA7CF /* Debug */ = {
			isa = XCBuildConfiguration;
			baseConfigurationReference = 7253A8535D664774651FD327 /* Pods-R360SmartEyes.debug.xcconfig */;
			buildSettings = {
				ASSETCATALOG_COMPILER_APPICON_NAME = AppIcon;
				DEVELOPMENT_TEAM = G8KFD5U329;
				ENABLE_BITCODE = NO;
				FRAMEWORK_SEARCH_PATHS = (
					"$(inherited)",
					"$(PROJECT_DIR)/R360SmartEyes/Detector",
				);
				INFOPLIST_FILE = R360SmartEyes/Info.plist;
				IPHONEOS_DEPLOYMENT_TARGET = 8.0;
				LD_RUNPATH_SEARCH_PATHS = "$(inherited) @executable_path/Frameworks";
				PRODUCT_BUNDLE_IDENTIFIER = com.rong360.R360SmartEyes;
				PRODUCT_NAME = "$(TARGET_NAME)";
			};
			name = Debug;
		};
		B3804E5F1E601A02002AA7CF /* Release */ = {
			isa = XCBuildConfiguration;
			baseConfigurationReference = 5D147E5F371E8C079EEC49D0 /* Pods-R360SmartEyes.release.xcconfig */;
			buildSettings = {
				ASSETCATALOG_COMPILER_APPICON_NAME = AppIcon;
				DEVELOPMENT_TEAM = G8KFD5U329;
				ENABLE_BITCODE = NO;
				FRAMEWORK_SEARCH_PATHS = (
					"$(inherited)",
					"$(PROJECT_DIR)/R360SmartEyes/Detector",
				);
				INFOPLIST_FILE = R360SmartEyes/Info.plist;
				IPHONEOS_DEPLOYMENT_TARGET = 8.0;
				LD_RUNPATH_SEARCH_PATHS = "$(inherited) @executable_path/Frameworks";
				PRODUCT_BUNDLE_IDENTIFIER = com.rong360.R360SmartEyes;
				PRODUCT_NAME = "$(TARGET_NAME)";
			};
			name = Release;
		};
/* End XCBuildConfiguration section */

/* Begin XCConfigurationList section */
		B3804E411E601A02002AA7CF /* Build configuration list for PBXProject "R360SmartEyes" */ = {
			isa = XCConfigurationList;
			buildConfigurations = (
				B3804E5B1E601A02002AA7CF /* Debug */,
				B3804E5C1E601A02002AA7CF /* Release */,
			);
			defaultConfigurationIsVisible = 0;
			defaultConfigurationName = Release;
		};
		B3804E5D1E601A02002AA7CF /* Build configuration list for PBXNativeTarget "R360SmartEyes" */ = {
			isa = XCConfigurationList;
			buildConfigurations = (
				B3804E5E1E601A02002AA7CF /* Debug */,
				B3804E5F1E601A02002AA7CF /* Release */,
			);
			defaultConfigurationIsVisible = 0;
			defaultConfigurationName = Release;
		};
/* End XCConfigurationList section */
	};
	rootObject = B3804E3E1E601A02002AA7CF /* Project object */;
}
